
Microsoft Visual Studio Solution File, Format Version 12.00
# Visual Studio 15
VisualStudioVersion = 15.0.26124.0
MinimumVisualStudioVersion = 15.0.26124.0
Project("{FAE04EC0-301F-11D3-BF4B-00C04F79EFBC}") = "Domain", "Domain\Domain.csproj", "{16C0D22F-2557-4FAF-A732-595CE688A047}"
EndProject
Project("{FAE04EC0-301F-11D3-BF4B-00C04F79EFBC}") = "Application", "Application\Application.csproj", "{C4DB9C7E-F25D-46F7-9CEF-C0204E7ED362}"
EndProject
Project("{FAE04EC0-301F-11D3-BF4B-00C04F79EFBC}") = "Persistence", "Persistence\Persistence.csproj", "{A939F629-0EDF-4D19-9A33-220DD922ADB0}"
EndProject
Project("{FAE04EC0-301F-11D3-BF4B-00C04F79EFBC}") = "API", "API\API.csproj", "{711984E4-E5AF-4D00-94F2-240EAAF8725D}"
EndProject
Global
	GlobalSection(SolutionConfigurationPlatforms) = preSolution
		Debug|Any CPU = Debug|Any CPU
		Debug|x64 = Debug|x64
		Debug|x86 = Debug|x86
		Release|Any CPU = Release|Any CPU
		Release|x64 = Release|x64
		Release|x86 = Release|x86
	EndGlobalSection
	GlobalSection(SolutionProperties) = preSolution
		HideSolutionNode = FALSE
	EndGlobalSection
	GlobalSection(ProjectConfigurationPlatforms) = postSolution
		{16C0D22F-2557-4FAF-A732-595CE688A047}.Debug|Any CPU.ActiveCfg = Debug|Any CPU
		{16C0D22F-2557-4FAF-A732-595CE688A047}.Debug|Any CPU.Build.0 = Debug|Any CPU
		{16C0D22F-2557-4FAF-A732-595CE688A047}.Debug|x64.ActiveCfg = Debug|Any CPU
		{16C0D22F-2557-4FAF-A732-595CE688A047}.Debug|x64.Build.0 = Debug|Any CPU
		{16C0D22F-2557-4FAF-A732-595CE688A047}.Debug|x86.ActiveCfg = Debug|Any CPU
		{16C0D22F-2557-4FAF-A732-595CE688A047}.Debug|x86.Build.0 = Debug|Any CPU
		{16C0D22F-2557-4FAF-A732-595CE688A047}.Release|Any CPU.ActiveCfg = Release|Any CPU
		{16C0D22F-2557-4FAF-A732-595CE688A047}.Release|Any CPU.Build.0 = Release|Any CPU
		{16C0D22F-2557-4FAF-A732-595CE688A047}.Release|x64.ActiveCfg = Release|Any CPU
		{16C0D22F-2557-4FAF-A732-595CE688A047}.Release|x64.Build.0 = Release|Any CPU
		{16C0D22F-2557-4FAF-A732-595CE688A047}.Release|x86.ActiveCfg = Release|Any CPU
		{16C0D22F-2557-4FAF-A732-595CE688A047}.Release|x86.Build.0 = Release|Any CPU
		{C4DB9C7E-F25D-46F7-9CEF-C0204E7ED362}.Debug|Any CPU.ActiveCfg = Debug|Any CPU
		{C4DB9C7E-F25D-46F7-9CEF-C0204E7ED362}.Debug|Any CPU.Build.0 = Debug|Any CPU
		{C4DB9C7E-F25D-46F7-9CEF-C0204E7ED362}.Debug|x64.ActiveCfg = Debug|Any CPU
		{C4DB9C7E-F25D-46F7-9CEF-C0204E7ED362}.Debug|x64.Build.0 = Debug|Any CPU
		{C4DB9C7E-F25D-46F7-9CEF-C0204E7ED362}.Debug|x86.ActiveCfg = Debug|Any CPU
		{C4DB9C7E-F25D-46F7-9CEF-C0204E7ED362}.Debug|x86.Build.0 = Debug|Any CPU
		{C4DB9C7E-F25D-46F7-9CEF-C0204E7ED362}.Release|Any CPU.ActiveCfg = Release|Any CPU
		{C4DB9C7E-F25D-46F7-9CEF-C0204E7ED362}.Release|Any CPU.Build.0 = Release|Any CPU
		{C4DB9C7E-F25D-46F7-9CEF-C0204E7ED362}.Release|x64.ActiveCfg = Release|Any CPU
		{C4DB9C7E-F25D-46F7-9CEF-C0204E7ED362}.Release|x64.Build.0 = Release|Any CPU
		{C4DB9C7E-F25D-46F7-9CEF-C0204E7ED362}.Release|x86.ActiveCfg = Release|Any CPU
		{C4DB9C7E-F25D-46F7-9CEF-C0204E7ED362}.Release|x86.Build.0 = Release|Any CPU
		{A939F629-0EDF-4D19-9A33-220DD922ADB0}.Debug|Any CPU.ActiveCfg = Debug|Any CPU
		{A939F629-0EDF-4D19-9A33-220DD922ADB0}.Debug|Any CPU.Build.0 = Debug|Any CPU
		{A939F629-0EDF-4D19-9A33-220DD922ADB0}.Debug|x64.ActiveCfg = Debug|Any CPU
		{A939F629-0EDF-4D19-9A33-220DD922ADB0}.Debug|x64.Build.0 = Debug|Any CPU
		{A939F629-0EDF-4D19-9A33-220DD922ADB0}.Debug|x86.ActiveCfg = Debug|Any CPU
		{A939F629-0EDF-4D19-9A33-220DD922ADB0}.Debug|x86.Build.0 = Debug|Any CPU
		{A939F629-0EDF-4D19-9A33-220DD922ADB0}.Release|Any CPU.ActiveCfg = Release|Any CPU
		{A939F629-0EDF-4D19-9A33-220DD922ADB0}.Release|Any CPU.Build.0 = Release|Any CPU
		{A939F629-0EDF-4D19-9A33-220DD922ADB0}.Release|x64.ActiveCfg = Release|Any CPU
		{A939F629-0EDF-4D19-9A33-220DD922ADB0}.Release|x64.Build.0 = Release|Any CPU
		{A939F629-0EDF-4D19-9A33-220DD922ADB0}.Release|x86.ActiveCfg = Release|Any CPU
		{A939F629-0EDF-4D19-9A33-220DD922ADB0}.Release|x86.Build.0 = Release|Any CPU
		{711984E4-E5AF-4D00-94F2-240EAAF8725D}.Debug|Any CPU.ActiveCfg = Debug|Any CPU
		{711984E4-E5AF-4D00-94F2-240EAAF8725D}.Debug|Any CPU.Build.0 = Debug|Any CPU
		{711984E4-E5AF-4D00-94F2-240EAAF8725D}.Debug|x64.ActiveCfg = Debug|Any CPU
		{711984E4-E5AF-4D00-94F2-240EAAF8725D}.Debug|x64.Build.0 = Debug|Any CPU
		{711984E4-E5AF-4D00-94F2-240EAAF8725D}.Debug|x86.ActiveCfg = Debug|Any CPU
		{711984E4-E5AF-4D00-94F2-240EAAF8725D}.Debug|x86.Build.0 = Debug|Any CPU
		{711984E4-E5AF-4D00-94F2-240EAAF8725D}.Release|Any CPU.ActiveCfg = Release|Any CPU
		{711984E4-E5AF-4D00-94F2-240EAAF8725D}.Release|Any CPU.Build.0 = Release|Any CPU
		{711984E4-E5AF-4D00-94F2-240EAAF8725D}.Release|x64.ActiveCfg = Release|Any CPU
		{711984E4-E5AF-4D00-94F2-240EAAF8725D}.Release|x64.Build.0 = Release|Any CPU
		{711984E4-E5AF-4D00-94F2-240EAAF8725D}.Release|x86.ActiveCfg = Release|Any CPU
		{711984E4-E5AF-4D00-94F2-240EAAF8725D}.Release|x86.Build.0 = Release|Any CPU
	EndGlobalSection
EndGlobal
